
Microsoft Visual Studio Solution File, Format Version 12.00
# Visual Studio Version 16
VisualStudioVersion = 16.0.32002.261
MinimumVisualStudioVersion = 10.0.40219.1
Project("{FAE04EC0-301F-11D3-BF4B-00C04F79EFBC}") = "labos5", "labos5\labos5.csproj", "{10AB1CE8-D317-454D-9F41-E7A738AD8BC1}"
EndProject
Global
	GlobalSection(SolutionConfigurationPlatforms) = preSolution
		Debug|Any CPU = Debug|Any CPU
		Release|Any CPU = Release|Any CPU
	EndGlobalSection
	GlobalSection(ProjectConfigurationPlatforms) = postSolution
		{10AB1CE8-D317-454D-9F41-E7A738AD8BC1}.Debug|Any CPU.ActiveCfg = Debug|Any CPU
		{10AB1CE8-D317-454D-9F41-E7A738AD8BC1}.Debug|Any CPU.Build.0 = Debug|Any CPU
		{10AB1CE8-D317-454D-9F41-E7A738AD8BC1}.Release|Any CPU.ActiveCfg = Release|Any CPU
		{10AB1CE8-D317-454D-9F41-E7A738AD8BC1}.Release|Any CPU.Build.0 = Release|Any CPU
	EndGlobalSection
	GlobalSection(SolutionProperties) = preSolution
		HideSolutionNode = FALSE
	EndGlobalSection
	GlobalSection(ExtensibilityGlobals) = postSolution
		SolutionGuid = {ED56BC77-B965-4954-9388-CCDBA11858F3}
	EndGlobalSection
EndGlobal
